
Microsoft Visual Studio Solution File, Format Version 12.00
# Visual Studio Version 16
VisualStudioVersion = 16.0.30309.148
MinimumVisualStudioVersion = 10.0.40219.1
Project("{888888A0-9F3D-457C-B088-3A5042F75D52}") = "DARTS", "DARTS\DARTS.pyproj", "{D1F95E88-747B-4754-9E91-D5CD82223865}"
EndProject
Global
	GlobalSection(SolutionConfigurationPlatforms) = preSolution
		Debug|Any CPU = Debug|Any CPU
		Release|Any CPU = Release|Any CPU
	EndGlobalSection
	GlobalSection(ProjectConfigurationPlatforms) = postSolution
		{D1F95E88-747B-4754-9E91-D5CD82223865}.Debug|Any CPU.ActiveCfg = Debug|Any CPU
		{D1F95E88-747B-4754-9E91-D5CD82223865}.Release|Any CPU.ActiveCfg = Release|Any CPU
	EndGlobalSection
	GlobalSection(SolutionProperties) = preSolution
		HideSolutionNode = FALSE
	EndGlobalSection
	GlobalSection(ExtensibilityGlobals) = postSolution
		SolutionGuid = {9C93805A-DA2A-4648-9C22-ED5A635A6DF3}
	EndGlobalSection
EndGlobal
